
Microsoft Visual Studio Solution File, Format Version 12.00
# Visual Studio Version 17
VisualStudioVersion = 17.0.31903.59
MinimumVisualStudioVersion = 10.0.40219.1
Project("{2150E333-8FDC-42A3-9474-1A3956D46DE8}") = "src", "src", "{827E0CD3-B72D-47B6-A68D-7590B98EB39B}"
EndProject
Project("{FAE04EC0-301F-11D3-BF4B-00C04F79EFBC}") = "OptimizeAll.SharedKernel", "src\OptimizeAll.SharedKernel\OptimizeAll.SharedKernel.csproj", "{12DDCD53-90DD-476C-ADCD-3049C17B2424}"
EndProject
Project("{FAE04EC0-301F-11D3-BF4B-00C04F79EFBC}") = "OptimizeAll.Domain", "src\OptimizeAll.Domain\OptimizeAll.Domain.csproj", "{5E0F9594-0E1D-4E4A-B315-53AB003B6AFF}"
EndProject
Project("{FAE04EC0-301F-11D3-BF4B-00C04F79EFBC}") = "OptimizeAll.Application", "src\OptimizeAll.Application\OptimizeAll.Application.csproj", "{027C48BA-4252-454F-8D7D-0BF03823713A}"
EndProject
Project("{FAE04EC0-301F-11D3-BF4B-00C04F79EFBC}") = "OptimizeAll.Infrastructure", "src\OptimizeAll.Infrastructure\OptimizeAll.Infrastructure.csproj", "{FC847B2E-5980-413F-A3F8-C75027E9A4AB}"
EndProject
Project("{FAE04EC0-301F-11D3-BF4B-00C04F79EFBC}") = "OptimizeAll.Api", "src\OptimizeAll.Api\OptimizeAll.Api.csproj", "{C18381AC-2641-4506-BC67-AF1B82CD58BC}"
EndProject
Project("{FAE04EC0-301F-11D3-BF4B-00C04F79EFBC}") = "OptimizeAll.Worker", "src\OptimizeAll.Worker\OptimizeAll.Worker.csproj", "{5321270C-058C-41AC-A21C-2DB0B63B4C8F}"
EndProject
Project("{2150E333-8FDC-42A3-9474-1A3956D46DE8}") = "tests", "tests", "{0AB3BF05-4346-4AA6-1389-037BE0695223}"
EndProject
Project("{FAE04EC0-301F-11D3-BF4B-00C04F79EFBC}") = "OptimizeAll.Domain.Tests", "tests\OptimizeAll.Domain.Tests\OptimizeAll.Domain.Tests.csproj", "{0579D5B2-E359-4591-B09F-A145CD5210B5}"
EndProject
Project("{FAE04EC0-301F-11D3-BF4B-00C04F79EFBC}") = "OptimizeAll.Application.Tests", "tests\OptimizeAll.Application.Tests\OptimizeAll.Application.Tests.csproj", "{987655FF-B668-47DB-B938-A4EEF17F9C3E}"
EndProject
Project("{FAE04EC0-301F-11D3-BF4B-00C04F79EFBC}") = "OptimizeAll.Architecture.Tests", "tests\OptimizeAll.Architecture.Tests\OptimizeAll.Architecture.Tests.csproj", "{E40D4082-FFDF-4350-A55C-0A4ECD65669A}"
EndProject
Global
	GlobalSection(SolutionConfigurationPlatforms) = preSolution
		Debug|Any CPU = Debug|Any CPU
		Debug|x64 = Debug|x64
		Debug|x86 = Debug|x86
		Release|Any CPU = Release|Any CPU
		Release|x64 = Release|x64
		Release|x86 = Release|x86
	EndGlobalSection
	GlobalSection(ProjectConfigurationPlatforms) = postSolution
		{12DDCD53-90DD-476C-ADCD-3049C17B2424}.Debug|Any CPU.ActiveCfg = Debug|Any CPU
		{12DDCD53-90DD-476C-ADCD-3049C17B2424}.Debug|Any CPU.Build.0 = Debug|Any CPU
		{12DDCD53-90DD-476C-ADCD-3049C17B2424}.Debug|x64.ActiveCfg = Debug|Any CPU
		{12DDCD53-90DD-476C-ADCD-3049C17B2424}.Debug|x64.Build.0 = Debug|Any CPU
		{12DDCD53-90DD-476C-ADCD-3049C17B2424}.Debug|x86.ActiveCfg = Debug|Any CPU
		{12DDCD53-90DD-476C-ADCD-3049C17B2424}.Debug|x86.Build.0 = Debug|Any CPU
		{12DDCD53-90DD-476C-ADCD-3049C17B2424}.Release|Any CPU.ActiveCfg = Release|Any CPU
		{12DDCD53-90DD-476C-ADCD-3049C17B2424}.Release|Any CPU.Build.0 = Release|Any CPU
		{12DDCD53-90DD-476C-ADCD-3049C17B2424}.Release|x64.ActiveCfg = Release|Any CPU
		{12DDCD53-90DD-476C-ADCD-3049C17B2424}.Release|x64.Build.0 = Release|Any CPU
		{12DDCD53-90DD-476C-ADCD-3049C17B2424}.Release|x86.ActiveCfg = Release|Any CPU
		{12DDCD53-90DD-476C-ADCD-3049C17B2424}.Release|x86.Build.0 = Release|Any CPU
		{5E0F9594-0E1D-4E4A-B315-53AB003B6AFF}.Debug|Any CPU.ActiveCfg = Debug|Any CPU
		{5E0F9594-0E1D-4E4A-B315-53AB003B6AFF}.Debug|Any CPU.Build.0 = Debug|Any CPU
		{5E0F9594-0E1D-4E4A-B315-53AB003B6AFF}.Debug|x64.ActiveCfg = Debug|Any CPU
		{5E0F9594-0E1D-4E4A-B315-53AB003B6AFF}.Debug|x64.Build.0 = Debug|Any CPU
		{5E0F9594-0E1D-4E4A-B315-53AB003B6AFF}.Debug|x86.ActiveCfg = Debug|Any CPU
		{5E0F9594-0E1D-4E4A-B315-53AB003B6AFF}.Debug|x86.Build.0 = Debug|Any CPU
		{5E0F9594-0E1D-4E4A-B315-53AB003B6AFF}.Release|Any CPU.ActiveCfg = Release|Any CPU
		{5E0F9594-0E1D-4E4A-B315-53AB003B6AFF}.Release|Any CPU.Build.0 = Release|Any CPU
		{5E0F9594-0E1D-4E4A-B315-53AB003B6AFF}.Release|x64.ActiveCfg = Release|Any CPU
		{5E0F9594-0E1D-4E4A-B315-53AB003B6AFF}.Release|x64.Build.0 = Release|Any CPU
		{5E0F9594-0E1D-4E4A-B315-53AB003B6AFF}.Release|x86.ActiveCfg = Release|Any CPU
		{5E0F9594-0E1D-4E4A-B315-53AB003B6AFF}.Release|x86.Build.0 = Release|Any CPU
		{027C48BA-4252-454F-8D7D-0BF03823713A}.Debug|Any CPU.ActiveCfg = Debug|Any CPU
		{027C48BA-4252-454F-8D7D-0BF03823713A}.Debug|Any CPU.Build.0 = Debug|Any CPU
		{027C48BA-4252-454F-8D7D-0BF03823713A}.Debug|x64.ActiveCfg = Debug|Any CPU
		{027C48BA-4252-454F-8D7D-0BF03823713A}.Debug|x64.Build.0 = Debug|Any CPU
		{027C48BA-4252-454F-8D7D-0BF03823713A}.Debug|x86.ActiveCfg = Debug|Any CPU
		{027C48BA-4252-454F-8D7D-0BF03823713A}.Debug|x86.Build.0 = Debug|Any CPU
		{027C48BA-4252-454F-8D7D-0BF03823713A}.Release|Any CPU.ActiveCfg = Release|Any CPU
		{027C48BA-4252-454F-8D7D-0BF03823713A}.Release|Any CPU.Build.0 = Release|Any CPU
		{027C48BA-4252-454F-8D7D-0BF03823713A}.Release|x64.ActiveCfg = Release|Any CPU
		{027C48BA-4252-454F-8D7D-0BF03823713A}.Release|x64.Build.0 = Release|Any CPU
		{027C48BA-4252-454F-8D7D-0BF03823713A}.Release|x86.ActiveCfg = Release|Any CPU
		{027C48BA-4252-454F-8D7D-0BF03823713A}.Release|x86.Build.0 = Release|Any CPU
		{FC847B2E-5980-413F-A3F8-C75027E9A4AB}.Debug|Any CPU.ActiveCfg = Debug|Any CPU
		{FC847B2E-5980-413F-A3F8-C75027E9A4AB}.Debug|Any CPU.Build.0 = Debug|Any CPU
		{FC847B2E-5980-413F-A3F8-C75027E9A4AB}.Debug|x64.ActiveCfg = Debug|Any CPU
		{FC847B2E-5980-413F-A3F8-C75027E9A4AB}.Debug|x64.Build.0 = Debug|Any CPU
		{FC847B2E-5980-413F-A3F8-C75027E9A4AB}.Debug|x86.ActiveCfg = Debug|Any CPU
		{FC847B2E-5980-413F-A3F8-C75027E9A4AB}.Debug|x86.Build.0 = Debug|Any CPU
		{FC847B2E-5980-413F-A3F8-C75027E9A4AB}.Release|Any CPU.ActiveCfg = Release|Any CPU
		{FC847B2E-5980-413F-A3F8-C75027E9A4AB}.Release|Any CPU.Build.0 = Release|Any CPU
		{FC847B2E-5980-413F-A3F8-C75027E9A4AB}.Release|x64.ActiveCfg = Release|Any CPU
		{FC847B2E-5980-413F-A3F8-C75027E9A4AB}.Release|x64.Build.0 = Release|Any CPU
		{FC847B2E-5980-413F-A3F8-C75027E9A4AB}.Release|x86.ActiveCfg = Release|Any CPU
		{FC847B2E-5980-413F-A3F8-C75027E9A4AB}.Release|x86.Build.0 = Release|Any CPU
		{C18381AC-2641-4506-BC67-AF1B82CD58BC}.Debug|Any CPU.ActiveCfg = Debug|Any CPU
		{C18381AC-2641-4506-BC67-AF1B82CD58BC}.Debug|Any CPU.Build.0 = Debug|Any CPU
		{C18381AC-2641-4506-BC67-AF1B82CD58BC}.Debug|x64.ActiveCfg = Debug|Any CPU
		{C18381AC-2641-4506-BC67-AF1B82CD58BC}.Debug|x64.Build.0 = Debug|Any CPU
		{C18381AC-2641-4506-BC67-AF1B82CD58BC}.Debug|x86.ActiveCfg = Debug|Any CPU
		{C18381AC-2641-4506-BC67-AF1B82CD58BC}.Debug|x86.Build.0 = Debug|Any CPU
		{C18381AC-2641-4506-BC67-AF1B82CD58BC}.Release|Any CPU.ActiveCfg = Release|Any CPU
		{C18381AC-2641-4506-BC67-AF1B82CD58BC}.Release|Any CPU.Build.0 = Release|Any CPU
		{C18381AC-2641-4506-BC67-AF1B82CD58BC}.Release|x64.ActiveCfg = Release|Any CPU
		{C18381AC-2641-4506-BC67-AF1B82CD58BC}.Release|x64.Build.0 = Release|Any CPU
		{C18381AC-2641-4506-BC67-AF1B82CD58BC}.Release|x86.ActiveCfg = Release|Any CPU
		{C18381AC-2641-4506-BC67-AF1B82CD58BC}.Release|x86.Build.0 = Release|Any CPU
		{5321270C-058C-41AC-A21C-2DB0B63B4C8F}.Debug|Any CPU.ActiveCfg = Debug|Any CPU
		{5321270C-058C-41AC-A21C-2DB0B63B4C8F}.Debug|Any CPU.Build.0 = Debug|Any CPU
		{5321270C-058C-41AC-A21C-2DB0B63B4C8F}.Debug|x64.ActiveCfg = Debug|Any CPU
		{5321270C-058C-41AC-A21C-2DB0B63B4C8F}.Debug|x64.Build.0 = Debug|Any CPU
		{5321270C-058C-41AC-A21C-2DB0B63B4C8F}.Debug|x86.ActiveCfg = Debug|Any CPU
		{5321270C-058C-41AC-A21C-2DB0B63B4C8F}.Debug|x86.Build.0 = Debug|Any CPU
		{5321270C-058C-41AC-A21C-2DB0B63B4C8F}.Release|Any CPU.ActiveCfg = Release|Any CPU
		{5321270C-058C-41AC-A21C-2DB0B63B4C8F}.Release|Any CPU.Build.0 = Release|Any CPU
		{5321270C-058C-41AC-A21C-2DB0B63B4C8F}.Release|x64.ActiveCfg = Release|Any CPU
		{5321270C-058C-41AC-A21C-2DB0B63B4C8F}.Release|x64.Build.0 = Release|Any CPU
		{5321270C-058C-41AC-A21C-2DB0B63B4C8F}.Release|x86.ActiveCfg = Release|Any CPU
		{5321270C-058C-41AC-A21C-2DB0B63B4C8F}.Release|x86.Build.0 = Release|Any CPU
		{0579D5B2-E359-4591-B09F-A145CD5210B5}.Debug|Any CPU.ActiveCfg = Debug|Any CPU
		{0579D5B2-E359-4591-B09F-A145CD5210B5}.Debug|Any CPU.Build.0 = Debug|Any CPU
		{0579D5B2-E359-4591-B09F-A145CD5210B5}.Debug|x64.ActiveCfg = Debug|Any CPU
		{0579D5B2-E359-4591-B09F-A145CD5210B5}.Debug|x64.Build.0 = Debug|Any CPU
		{0579D5B2-E359-4591-B09F-A145CD5210B5}.Debug|x86.ActiveCfg = Debug|Any CPU
		{0579D5B2-E359-4591-B09F-A145CD5210B5}.Debug|x86.Build.0 = Debug|Any CPU
		{0579D5B2-E359-4591-B09F-A145CD5210B5}.Release|Any CPU.ActiveCfg = Release|Any CPU
		{0579D5B2-E359-4591-B09F-A145CD5210B5}.Release|Any CPU.Build.0 = Release|Any CPU
		{0579D5B2-E359-4591-B09F-A145CD5210B5}.Release|x64.ActiveCfg = Release|Any CPU
		{0579D5B2-E359-4591-B09F-A145CD5210B5}.Release|x64.Build.0 = Release|Any CPU
		{0579D5B2-E359-4591-B09F-A145CD5210B5}.Release|x86.ActiveCfg = Release|Any CPU
		{0579D5B2-E359-4591-B09F-A145CD5210B5}.Release|x86.Build.0 = Release|Any CPU
		{987655FF-B668-47DB-B938-A4EEF17F9C3E}.Debug|Any CPU.ActiveCfg = Debug|Any CPU
		{987655FF-B668-47DB-B938-A4EEF17F9C3E}.Debug|Any CPU.Build.0 = Debug|Any CPU
		{987655FF-B668-47DB-B938-A4EEF17F9C3E}.Debug|x64.ActiveCfg = Debug|Any CPU
		{987655FF-B668-47DB-B938-A4EEF17F9C3E}.Debug|x64.Build.0 = Debug|Any CPU
		{987655FF-B668-47DB-B938-A4EEF17F9C3E}.Debug|x86.ActiveCfg = Debug|Any CPU
		{987655FF-B668-47DB-B938-A4EEF17F9C3E}.Debug|x86.Build.0 = Debug|Any CPU
		{987655FF-B668-47DB-B938-A4EEF17F9C3E}.Release|Any CPU.ActiveCfg = Release|Any CPU
		{987655FF-B668-47DB-B938-A4EEF17F9C3E}.Release|Any CPU.Build.0 = Release|Any CPU
		{987655FF-B668-47DB-B938-A4EEF17F9C3E}.Release|x64.ActiveCfg = Release|Any CPU
		{987655FF-B668-47DB-B938-A4EEF17F9C3E}.Release|x64.Build.0 = Release|Any CPU
		{987655FF-B668-47DB-B938-A4EEF17F9C3E}.Release|x86.ActiveCfg = Release|Any CPU
		{987655FF-B668-47DB-B938-A4EEF17F9C3E}.Release|x86.Build.0 = Release|Any CPU
		{E40D4082-FFDF-4350-A55C-0A4ECD65669A}.Debug|Any CPU.ActiveCfg = Debug|Any CPU
		{E40D4082-FFDF-4350-A55C-0A4ECD65669A}.Debug|Any CPU.Build.0 = Debug|Any CPU
		{E40D4082-FFDF-4350-A55C-0A4ECD65669A}.Debug|x64.ActiveCfg = Debug|Any CPU
		{E40D4082-FFDF-4350-A55C-0A4ECD65669A}.Debug|x64.Build.0 = Debug|Any CPU
		{E40D4082-FFDF-4350-A55C-0A4ECD65669A}.Debug|x86.ActiveCfg = Debug|Any CPU
		{E40D4082-FFDF-4350-A55C-0A4ECD65669A}.Debug|x86.Build.0 = Debug|Any CPU
		{E40D4082-FFDF-4350-A55C-0A4ECD65669A}.Release|Any CPU.ActiveCfg = Release|Any CPU
		{E40D4082-FFDF-4350-A55C-0A4ECD65669A}.Release|Any CPU.Build.0 = Release|Any CPU
		{E40D4082-FFDF-4350-A55C-0A4ECD65669A}.Release|x64.ActiveCfg = Release|Any CPU
		{E40D4082-FFDF-4350-A55C-0A4ECD65669A}.Release|x64.Build.0 = Release|Any CPU
		{E40D4082-FFDF-4350-A55C-0A4ECD65669A}.Release|x86.ActiveCfg = Release|Any CPU
		{E40D4082-FFDF-4350-A55C-0A4ECD65669A}.Release|x86.Build.0 = Release|Any CPU
	EndGlobalSection
	GlobalSection(SolutionProperties) = preSolution
		HideSolutionNode = FALSE
	EndGlobalSection
	GlobalSection(NestedProjects) = preSolution
		{12DDCD53-90DD-476C-ADCD-3049C17B2424} = {827E0CD3-B72D-47B6-A68D-7590B98EB39B}
		{5E0F9594-0E1D-4E4A-B315-53AB003B6AFF} = {827E0CD3-B72D-47B6-A68D-7590B98EB39B}
		{027C48BA-4252-454F-8D7D-0BF03823713A} = {827E0CD3-B72D-47B6-A68D-7590B98EB39B}
		{FC847B2E-5980-413F-A3F8-C75027E9A4AB} = {827E0CD3-B72D-47B6-A68D-7590B98EB39B}
		{C18381AC-2641-4506-BC67-AF1B82CD58BC} = {827E0CD3-B72D-47B6-A68D-7590B98EB39B}
		{5321270C-058C-41AC-A21C-2DB0B63B4C8F} = {827E0CD3-B72D-47B6-A68D-7590B98EB39B}
		{0579D5B2-E359-4591-B09F-A145CD5210B5} = {0AB3BF05-4346-4AA6-1389-037BE0695223}
		{987655FF-B668-47DB-B938-A4EEF17F9C3E} = {0AB3BF05-4346-4AA6-1389-037BE0695223}
		{E40D4082-FFDF-4350-A55C-0A4ECD65669A} = {0AB3BF05-4346-4AA6-1389-037BE0695223}
	EndGlobalSection
EndGlobal
